{
  "nodes": {
    "catppuccin": {
      "inputs": {
        "nixpkgs": "nixpkgs"
      },
      "locked": {
        "lastModified": 1739934729,
        "narHash": "sha256-PcrLk10meIJICzUJqtCMOJxoITzbH52fZg2XAB7SSsM=",
        "owner": "catppuccin",
        "repo": "nix",
        "rev": "b1ff2a638afa827f1473498190a2c1cae1cf41cf",
        "type": "github"
      },
      "original": {
        "owner": "catppuccin",
        "repo": "nix",
        "type": "github"
      }
    },
    "home-manager": {
      "inputs": {
        "nixpkgs": [
          "nixpkgs"
        ]
      },
      "locked": {
        "lastModified": 1740624780,
        "narHash": "sha256-8TP61AI3QBQsjzVUQFIV8NoB5nbYfJB3iHczhBikDkU=",
        "owner": "nix-community",
        "repo": "home-manager",
        "rev": "b8869e4ead721bbd4f0d6b927e8395705d4f16e6",
        "type": "github"
      },
      "original": {
        "owner": "nix-community",
        "repo": "home-manager",
        "type": "github"
      }
    },
    "nixpkgs": {
      "locked": {
        "lastModified": 1736012469,
        "narHash": "sha256-/qlNWm/IEVVH7GfgAIyP6EsVZI6zjAx1cV5zNyrs+rI=",
        "owner": "NixOS",
        "repo": "nixpkgs",
        "rev": "8f3e1f807051e32d8c95cd12b9b421623850a34d",
        "type": "github"
      },
      "original": {
        "owner": "NixOS",
        "ref": "nixos-unstable",
        "repo": "nixpkgs",
        "type": "github"
      }
    },
    "nixpkgs_2": {
      "locked": {
        "lastModified": 1740560979,
        "narHash": "sha256-Vr3Qi346M+8CjedtbyUevIGDZW8LcA1fTG0ugPY/Hic=",
        "owner": "nixos",
        "repo": "nixpkgs",
        "rev": "5135c59491985879812717f4c9fea69604e7f26f",
        "type": "github"
      },
      "original": {
        "owner": "nixos",
        "ref": "nixos-unstable",
        "repo": "nixpkgs",
        "type": "github"
      }
    },
    "root": {
      "inputs": {
        "catppuccin": "catppuccin",
        "home-manager": "home-manager",
        "nixpkgs": "nixpkgs_2",
        "ssbm-nix": "ssbm-nix"
      }
    },
    "ssbm-nix": {
      "inputs": {
        "nixpkgs": [
          "nixpkgs"
        ]
      },
      "locked": {
        "lastModified": 1738035977,
        "narHash": "sha256-jd1E4W6151tGzdeJHWnGPk8X15oE63pT6DUtrNW03gA=",
        "owner": "NormalFall",
        "repo": "ssbm-nix",
        "rev": "8fe951be21bafc0bc9431e310d038ec86c608f40",
        "type": "github"
      },
      "original": {
        "owner": "NormalFall",
        "repo": "ssbm-nix",
        "type": "github"
      }
    }
  },
  "root": "root",
  "version": 7
}
