{
  "nodes": {
    "catppuccin": {
      "inputs": {
        "nixpkgs": "nixpkgs"
      },
      "locked": {
        "lastModified": 1742599566,
        "narHash": "sha256-xr6ntmiUPXSh9o9mJ7og9vxALMQs1EQhIhWUAO2D1M0=",
        "owner": "catppuccin",
        "repo": "nix",
        "rev": "5e303e8d7e251868fa79f83bbda69da90aa62402",
        "type": "github"
      },
      "original": {
        "owner": "catppuccin",
        "repo": "nix",
        "type": "github"
      }
    },
    "home-manager": {
      "inputs": {
        "nixpkgs": [
          "nixpkgs"
        ]
      },
      "locked": {
        "lastModified": 1743097780,
        "narHash": "sha256-5tUbaMBKYbfTe/4aXACxmiXG22TgwPBNcfZ8Kg3rt+g=",
        "owner": "nix-community",
        "repo": "home-manager",
        "rev": "b14a70c40f4fd0b73d095ab04a7c6e31fbc18e52",
        "type": "github"
      },
      "original": {
        "owner": "nix-community",
        "repo": "home-manager",
        "type": "github"
      }
    },
    "nixpkgs": {
      "locked": {
        "lastModified": 1742288794,
        "narHash": "sha256-Txwa5uO+qpQXrNG4eumPSD+hHzzYi/CdaM80M9XRLCo=",
        "owner": "NixOS",
        "repo": "nixpkgs",
        "rev": "b6eaf97c6960d97350c584de1b6dcff03c9daf42",
        "type": "github"
      },
      "original": {
        "owner": "NixOS",
        "ref": "nixos-unstable",
        "repo": "nixpkgs",
        "type": "github"
      }
    },
    "nixpkgs_2": {
      "locked": {
        "lastModified": 1742889210,
        "narHash": "sha256-hw63HnwnqU3ZQfsMclLhMvOezpM7RSB0dMAtD5/sOiw=",
        "owner": "nixos",
        "repo": "nixpkgs",
        "rev": "698214a32beb4f4c8e3942372c694f40848b360d",
        "type": "github"
      },
      "original": {
        "owner": "nixos",
        "ref": "nixos-unstable",
        "repo": "nixpkgs",
        "type": "github"
      }
    },
    "root": {
      "inputs": {
        "catppuccin": "catppuccin",
        "home-manager": "home-manager",
        "nixpkgs": "nixpkgs_2",
        "ssbm-nix": "ssbm-nix"
      }
    },
    "ssbm-nix": {
      "inputs": {
        "nixpkgs": [
          "nixpkgs"
        ]
      },
      "locked": {
        "lastModified": 1740681406,
        "narHash": "sha256-ITB2+UUDsAkbUEWr/sSDHhc79Z0Y+O1HBTm9vOmYs7M=",
        "owner": "NormalFall",
        "repo": "ssbm-nix",
        "rev": "616c28a956b331103211556583ca456dd8e0942a",
        "type": "github"
      },
      "original": {
        "owner": "NormalFall",
        "repo": "ssbm-nix",
        "type": "github"
      }
    }
  },
  "root": "root",
  "version": 7
}
